// !$*UTF8*$!
{
	archiveVersion = 1;
	classes = {
	};
	objectVersion = 55;
	objects = {

/* Begin PBXBuildFile section */
		A6211C1A2745EE4B00538846 /* MovieTVCell.swift in Sources */ = {isa = PBXBuildFile; fileRef = A6211C182745EE4B00538846 /* MovieTVCell.swift */; };
		A6211C1B2745EE4B00538846 /* MovieTVCell.xib in Resources */ = {isa = PBXBuildFile; fileRef = A6211C192745EE4B00538846 /* MovieTVCell.xib */; };
		A63B184C27377E1500F51311 /* AppDelegate.swift in Sources */ = {isa = PBXBuildFile; fileRef = A63B184B27377E1500F51311 /* AppDelegate.swift */; };
		A63B184E27377E1500F51311 /* SceneDelegate.swift in Sources */ = {isa = PBXBuildFile; fileRef = A63B184D27377E1500F51311 /* SceneDelegate.swift */; };
		A63B185027377E1500F51311 /* ViewController.swift in Sources */ = {isa = PBXBuildFile; fileRef = A63B184F27377E1500F51311 /* ViewController.swift */; };
		A63B185327377E1500F51311 /* Main.storyboard in Resources */ = {isa = PBXBuildFile; fileRef = A63B185127377E1500F51311 /* Main.storyboard */; };
		A63B185527377E1A00F51311 /* Assets.xcassets in Resources */ = {isa = PBXBuildFile; fileRef = A63B185427377E1A00F51311 /* Assets.xcassets */; };
		A63B185827377E1A00F51311 /* LaunchScreen.storyboard in Resources */ = {isa = PBXBuildFile; fileRef = A63B185627377E1A00F51311 /* LaunchScreen.storyboard */; };
		A63B186327377E1B00F51311 /* FindmovieTests.swift in Sources */ = {isa = PBXBuildFile; fileRef = A63B186227377E1B00F51311 /* FindmovieTests.swift */; };
		A63B186D27377E1B00F51311 /* FindmovieUITests.swift in Sources */ = {isa = PBXBuildFile; fileRef = A63B186C27377E1B00F51311 /* FindmovieUITests.swift */; };
		A63B186F27377E1B00F51311 /* FindmovieUITestsLaunchTests.swift in Sources */ = {isa = PBXBuildFile; fileRef = A63B186E27377E1B00F51311 /* FindmovieUITestsLaunchTests.swift */; };
		A63B187C273784A800F51311 /* CustomTabBarController.swift in Sources */ = {isa = PBXBuildFile; fileRef = A63B187B273784A700F51311 /* CustomTabBarController.swift */; };
		A63B187E2738649100F51311 /* HomeVC.swift in Sources */ = {isa = PBXBuildFile; fileRef = A63B187D2738649100F51311 /* HomeVC.swift */; };
		A63B1880273864B100F51311 /* SearchVC.swift in Sources */ = {isa = PBXBuildFile; fileRef = A63B187F273864B100F51311 /* SearchVC.swift */; };
		A63B1882273864EA00F51311 /* FavoriteVC.swift in Sources */ = {isa = PBXBuildFile; fileRef = A63B1881273864EA00F51311 /* FavoriteVC.swift */; };
/* End PBXBuildFile section */

/* Begin PBXContainerItemProxy section */
		A63B185F27377E1B00F51311 /* PBXContainerItemProxy */ = {
			isa = PBXContainerItemProxy;
			containerPortal = A63B184027377E1500F51311 /* Project object */;
			proxyType = 1;
			remoteGlobalIDString = A63B184727377E1500F51311;
			remoteInfo = TabBar2.0;
		};
		A63B186927377E1B00F51311 /* PBXContainerItemProxy */ = {
			isa = PBXContainerItemProxy;
			containerPortal = A63B184027377E1500F51311 /* Project object */;
			proxyType = 1;
			remoteGlobalIDString = A63B184727377E1500F51311;
			remoteInfo = TabBar2.0;
		};
/* End PBXContainerItemProxy section */

/* Begin PBXFileReference section */
		A6211C182745EE4B00538846 /* MovieTVCell.swift */ = {isa = PBXFileReference; lastKnownFileType = sourcecode.swift; path = MovieTVCell.swift; sourceTree = "<group>"; };
		A6211C192745EE4B00538846 /* MovieTVCell.xib */ = {isa = PBXFileReference; lastKnownFileType = file.xib; path = MovieTVCell.xib; sourceTree = "<group>"; };
		A63B184827377E1500F51311 /* Findmovie.app */ = {isa = PBXFileReference; explicitFileType = wrapper.application; includeInIndex = 0; path = Findmovie.app; sourceTree = BUILT_PRODUCTS_DIR; };
		A63B184B27377E1500F51311 /* AppDelegate.swift */ = {isa = PBXFileReference; lastKnownFileType = sourcecode.swift; path = AppDelegate.swift; sourceTree = "<group>"; };
		A63B184D27377E1500F51311 /* SceneDelegate.swift */ = {isa = PBXFileReference; lastKnownFileType = sourcecode.swift; path = SceneDelegate.swift; sourceTree = "<group>"; };
		A63B184F27377E1500F51311 /* ViewController.swift */ = {isa = PBXFileReference; lastKnownFileType = sourcecode.swift; path = ViewController.swift; sourceTree = "<group>"; };
		A63B185227377E1500F51311 /* Base */ = {isa = PBXFileReference; lastKnownFileType = file.storyboard; name = Base; path = Base.lproj/Main.storyboard; sourceTree = "<group>"; };
		A63B185427377E1A00F51311 /* Assets.xcassets */ = {isa = PBXFileReference; lastKnownFileType = folder.assetcatalog; path = Assets.xcassets; sourceTree = "<group>"; };
		A63B185727377E1A00F51311 /* Base */ = {isa = PBXFileReference; lastKnownFileType = file.storyboard; name = Base; path = Base.lproj/LaunchScreen.storyboard; sourceTree = "<group>"; };
		A63B185927377E1A00F51311 /* Info.plist */ = {isa = PBXFileReference; lastKnownFileType = text.plist.xml; path = Info.plist; sourceTree = "<group>"; };
		A63B185E27377E1B00F51311 /* FindmovieTests.xctest */ = {isa = PBXFileReference; explicitFileType = wrapper.cfbundle; includeInIndex = 0; path = FindmovieTests.xctest; sourceTree = BUILT_PRODUCTS_DIR; };
		A63B186227377E1B00F51311 /* FindmovieTests.swift */ = {isa = PBXFileReference; lastKnownFileType = sourcecode.swift; path = FindmovieTests.swift; sourceTree = "<group>"; };
		A63B186827377E1B00F51311 /* FindmovieUITests.xctest */ = {isa = PBXFileReference; explicitFileType = wrapper.cfbundle; includeInIndex = 0; path = FindmovieUITests.xctest; sourceTree = BUILT_PRODUCTS_DIR; };
		A63B186C27377E1B00F51311 /* FindmovieUITests.swift */ = {isa = PBXFileReference; lastKnownFileType = sourcecode.swift; path = FindmovieUITests.swift; sourceTree = "<group>"; };
		A63B186E27377E1B00F51311 /* FindmovieUITestsLaunchTests.swift */ = {isa = PBXFileReference; lastKnownFileType = sourcecode.swift; path = FindmovieUITestsLaunchTests.swift; sourceTree = "<group>"; };
		A63B187B273784A700F51311 /* CustomTabBarController.swift */ = {isa = PBXFileReference; lastKnownFileType = sourcecode.swift; path = CustomTabBarController.swift; sourceTree = "<group>"; };
		A63B187D2738649100F51311 /* HomeVC.swift */ = {isa = PBXFileReference; lastKnownFileType = sourcecode.swift; path = HomeVC.swift; sourceTree = "<group>"; };
		A63B187F273864B100F51311 /* SearchVC.swift */ = {isa = PBXFileReference; lastKnownFileType = sourcecode.swift; path = SearchVC.swift; sourceTree = "<group>"; };
		A63B1881273864EA00F51311 /* FavoriteVC.swift */ = {isa = PBXFileReference; lastKnownFileType = sourcecode.swift; path = FavoriteVC.swift; sourceTree = "<group>"; };
/* End PBXFileReference section */

/* Begin PBXFrameworksBuildPhase section */
		A63B184527377E1500F51311 /* Frameworks */ = {
			isa = PBXFrameworksBuildPhase;
			buildActionMask = 2147483647;
			files = (
			);
			runOnlyForDeploymentPostprocessing = 0;
		};
		A63B185B27377E1B00F51311 /* Frameworks */ = {
			isa = PBXFrameworksBuildPhase;
			buildActionMask = 2147483647;
			files = (
			);
			runOnlyForDeploymentPostprocessing = 0;
		};
		A63B186527377E1B00F51311 /* Frameworks */ = {
			isa = PBXFrameworksBuildPhase;
			buildActionMask = 2147483647;
			files = (
			);
			runOnlyForDeploymentPostprocessing = 0;
		};
/* End PBXFrameworksBuildPhase section */

/* Begin PBXGroup section */
		A63B183F27377E1500F51311 = {
			isa = PBXGroup;
			children = (
				A63B184A27377E1500F51311 /* Findmovie */,
				A63B186127377E1B00F51311 /* FindmovieTests */,
				A63B186B27377E1B00F51311 /* FindmovieUITests */,
				A63B184927377E1500F51311 /* Products */,
			);
			sourceTree = "<group>";
		};
		A63B184927377E1500F51311 /* Products */ = {
			isa = PBXGroup;
			children = (
				A63B184827377E1500F51311 /* Findmovie.app */,
				A63B185E27377E1B00F51311 /* FindmovieTests.xctest */,
				A63B186827377E1B00F51311 /* FindmovieUITests.xctest */,
			);
			name = Products;
			sourceTree = "<group>";
		};
		A63B184A27377E1500F51311 /* Findmovie */ = {
			isa = PBXGroup;
			children = (
				A63B184B27377E1500F51311 /* AppDelegate.swift */,
				A63B184D27377E1500F51311 /* SceneDelegate.swift */,
				A63B184F27377E1500F51311 /* ViewController.swift */,
				A63B185127377E1500F51311 /* Main.storyboard */,
				A63B185427377E1A00F51311 /* Assets.xcassets */,
				A63B185627377E1A00F51311 /* LaunchScreen.storyboard */,
				A63B185927377E1A00F51311 /* Info.plist */,
				A63B187B273784A700F51311 /* CustomTabBarController.swift */,
				A63B187D2738649100F51311 /* HomeVC.swift */,
				A63B187F273864B100F51311 /* SearchVC.swift */,
				A63B1881273864EA00F51311 /* FavoriteVC.swift */,
				A6211C182745EE4B00538846 /* MovieTVCell.swift */,
				A6211C192745EE4B00538846 /* MovieTVCell.xib */,
			);
			path = Findmovie;
			sourceTree = "<group>";
		};
		A63B186127377E1B00F51311 /* FindmovieTests */ = {
			isa = PBXGroup;
			children = (
				A63B186227377E1B00F51311 /* FindmovieTests.swift */,
			);
			path = FindmovieTests;
			sourceTree = "<group>";
		};
		A63B186B27377E1B00F51311 /* FindmovieUITests */ = {
			isa = PBXGroup;
			children = (
				A63B186C27377E1B00F51311 /* FindmovieUITests.swift */,
				A63B186E27377E1B00F51311 /* FindmovieUITestsLaunchTests.swift */,
			);
			path = FindmovieUITests;
			sourceTree = "<group>";
		};
/* End PBXGroup section */

/* Begin PBXNativeTarget section */
		A63B184727377E1500F51311 /* Findmovie */ = {
			isa = PBXNativeTarget;
			buildConfigurationList = A63B187227377E1B00F51311 /* Build configuration list for PBXNativeTarget "Findmovie" */;
			buildPhases = (
				A63B184427377E1500F51311 /* Sources */,
				A63B184527377E1500F51311 /* Frameworks */,
				A63B184627377E1500F51311 /* Resources */,
			);
			buildRules = (
			);
			dependencies = (
			);
			name = Findmovie;
			productName = TabBar2.0;
			productReference = A63B184827377E1500F51311 /* Findmovie.app */;
			productType = "com.apple.product-type.application";
		};
		A63B185D27377E1B00F51311 /* FindmovieTests */ = {
			isa = PBXNativeTarget;
			buildConfigurationList = A63B187527377E1B00F51311 /* Build configuration list for PBXNativeTarget "FindmovieTests" */;
			buildPhases = (
				A63B185A27377E1B00F51311 /* Sources */,
				A63B185B27377E1B00F51311 /* Frameworks */,
				A63B185C27377E1B00F51311 /* Resources */,
			);
			buildRules = (
			);
			dependencies = (
				A63B186027377E1B00F51311 /* PBXTargetDependency */,
			);
			name = FindmovieTests;
			productName = TabBar2.0Tests;
			productReference = A63B185E27377E1B00F51311 /* FindmovieTests.xctest */;
			productType = "com.apple.product-type.bundle.unit-test";
		};
		A63B186727377E1B00F51311 /* FindmovieUITests */ = {
			isa = PBXNativeTarget;
			buildConfigurationList = A63B187827377E1B00F51311 /* Build configuration list for PBXNativeTarget "FindmovieUITests" */;
			buildPhases = (
				A63B186427377E1B00F51311 /* Sources */,
				A63B186527377E1B00F51311 /* Frameworks */,
				A63B186627377E1B00F51311 /* Resources */,
			);
			buildRules = (
			);
			dependencies = (
				A63B186A27377E1B00F51311 /* PBXTargetDependency */,
			);
			name = FindmovieUITests;
			productName = TabBar2.0UITests;
			productReference = A63B186827377E1B00F51311 /* FindmovieUITests.xctest */;
			productType = "com.apple.product-type.bundle.ui-testing";
		};
/* End PBXNativeTarget section */

/* Begin PBXProject section */
		A63B184027377E1500F51311 /* Project object */ = {
			isa = PBXProject;
			attributes = {
				BuildIndependentTargetsInParallel = 1;
				LastSwiftUpdateCheck = 1310;
				LastUpgradeCheck = 1310;
				TargetAttributes = {
					A63B184727377E1500F51311 = {
						CreatedOnToolsVersion = 13.1;
					};
					A63B185D27377E1B00F51311 = {
						CreatedOnToolsVersion = 13.1;
						TestTargetID = A63B184727377E1500F51311;
					};
					A63B186727377E1B00F51311 = {
						CreatedOnToolsVersion = 13.1;
						TestTargetID = A63B184727377E1500F51311;
					};
				};
			};
			buildConfigurationList = A63B184327377E1500F51311 /* Build configuration list for PBXProject "Findmovie" */;
			compatibilityVersion = "Xcode 13.0";
			developmentRegion = en;
			hasScannedForEncodings = 0;
			knownRegions = (
				en,
				Base,
			);
			mainGroup = A63B183F27377E1500F51311;
			productRefGroup = A63B184927377E1500F51311 /* Products */;
			projectDirPath = "";
			projectRoot = "";
			targets = (
				A63B184727377E1500F51311 /* Findmovie */,
				A63B185D27377E1B00F51311 /* FindmovieTests */,
				A63B186727377E1B00F51311 /* FindmovieUITests */,
			);
		};
/* End PBXProject section */

/* Begin PBXResourcesBuildPhase section */
		A63B184627377E1500F51311 /* Resources */ = {
			isa = PBXResourcesBuildPhase;
			buildActionMask = 2147483647;
			files = (
				A63B185827377E1A00F51311 /* LaunchScreen.storyboard in Resources */,
				A63B185527377E1A00F51311 /* Assets.xcassets in Resources */,
				A6211C1B2745EE4B00538846 /* MovieTVCell.xib in Resources */,
				A63B185327377E1500F51311 /* Main.storyboard in Resources */,
			);
			runOnlyForDeploymentPostprocessing = 0;
		};
		A63B185C27377E1B00F51311 /* Resources */ = {
			isa = PBXResourcesBuildPhase;
			buildActionMask = 2147483647;
			files = (
			);
			runOnlyForDeploymentPostprocessing = 0;
		};
		A63B186627377E1B00F51311 /* Resources */ = {
			isa = PBXResourcesBuildPhase;
			buildActionMask = 2147483647;
			files = (
			);
			runOnlyForDeploymentPostprocessing = 0;
		};
/* End PBXResourcesBuildPhase section */

/* Begin PBXSourcesBuildPhase section */
		A63B184427377E1500F51311 /* Sources */ = {
			isa = PBXSourcesBuildPhase;
			buildActionMask = 2147483647;
			files = (
				A63B1880273864B100F51311 /* SearchVC.swift in Sources */,
				A63B185027377E1500F51311 /* ViewController.swift in Sources */,
				A63B187E2738649100F51311 /* HomeVC.swift in Sources */,
				A63B184C27377E1500F51311 /* AppDelegate.swift in Sources */,
				A63B187C273784A800F51311 /* CustomTabBarController.swift in Sources */,
				A63B1882273864EA00F51311 /* FavoriteVC.swift in Sources */,
				A6211C1A2745EE4B00538846 /* MovieTVCell.swift in Sources */,
				A63B184E27377E1500F51311 /* SceneDelegate.swift in Sources */,
			);
			runOnlyForDeploymentPostprocessing = 0;
		};
		A63B185A27377E1B00F51311 /* Sources */ = {
			isa = PBXSourcesBuildPhase;
			buildActionMask = 2147483647;
			files = (
				A63B186327377E1B00F51311 /* FindmovieTests.swift in Sources */,
			);
			runOnlyForDeploymentPostprocessing = 0;
		};
		A63B186427377E1B00F51311 /* Sources */ = {
			isa = PBXSourcesBuildPhase;
			buildActionMask = 2147483647;
			files = (
				A63B186F27377E1B00F51311 /* FindmovieUITestsLaunchTests.swift in Sources */,
				A63B186D27377E1B00F51311 /* FindmovieUITests.swift in Sources */,
			);
			runOnlyForDeploymentPostprocessing = 0;
		};
/* End PBXSourcesBuildPhase section */

/* Begin PBXTargetDependency section */
		A63B186027377E1B00F51311 /* PBXTargetDependency */ = {
			isa = PBXTargetDependency;
			target = A63B184727377E1500F51311 /* Findmovie */;
			targetProxy = A63B185F27377E1B00F51311 /* PBXContainerItemProxy */;
		};
		A63B186A27377E1B00F51311 /* PBXTargetDependency */ = {
			isa = PBXTargetDependency;
			target = A63B184727377E1500F51311 /* Findmovie */;
			targetProxy = A63B186927377E1B00F51311 /* PBXContainerItemProxy */;
		};
/* End PBXTargetDependency section */

/* Begin PBXVariantGroup section */
		A63B185127377E1500F51311 /* Main.storyboard */ = {
			isa = PBXVariantGroup;
			children = (
				A63B185227377E1500F51311 /* Base */,
			);
			name = Main.storyboard;
			sourceTree = "<group>";
		};
		A63B185627377E1A00F51311 /* LaunchScreen.storyboard */ = {
			isa = PBXVariantGroup;
			children = (
				A63B185727377E1A00F51311 /* Base */,
			);
			name = LaunchScreen.storyboard;
			sourceTree = "<group>";
		};
/* End PBXVariantGroup section */

/* Begin XCBuildConfiguration section */
		A63B187027377E1B00F51311 /* Debug */ = {
			isa = XCBuildConfiguration;
			buildSettings = {
				ALWAYS_SEARCH_USER_PATHS = NO;
				CLANG_ANALYZER_NONNULL = YES;
				CLANG_ANALYZER_NUMBER_OBJECT_CONVERSION = YES_AGGRESSIVE;
				CLANG_CXX_LANGUAGE_STANDARD = "gnu++17";
				CLANG_CXX_LIBRARY = "libc++";
				CLANG_ENABLE_MODULES = YES;
				CLANG_ENABLE_OBJC_ARC = YES;
				CLANG_ENABLE_OBJC_WEAK = YES;
				CLANG_WARN_BLOCK_CAPTURE_AUTORELEASING = YES;
				CLANG_WARN_BOOL_CONVERSION = YES;
				CLANG_WARN_COMMA = YES;
				CLANG_WARN_CONSTANT_CONVERSION = YES;
				CLANG_WARN_DEPRECATED_OBJC_IMPLEMENTATIONS = YES;
				CLANG_WARN_DIRECT_OBJC_ISA_USAGE = YES_ERROR;
				CLANG_WARN_DOCUMENTATION_COMMENTS = YES;
				CLANG_WARN_EMPTY_BODY = YES;
				CLANG_WARN_ENUM_CONVERSION = YES;
				CLANG_WARN_INFINITE_RECURSION = YES;
				CLANG_WARN_INT_CONVERSION = YES;
				CLANG_WARN_NON_LITERAL_NULL_CONVERSION = YES;
				CLANG_WARN_OBJC_IMPLICIT_RETAIN_SELF = YES;
				CLANG_WARN_OBJC_LITERAL_CONVERSION = YES;
				CLANG_WARN_OBJC_ROOT_CLASS = YES_ERROR;
				CLANG_WARN_QUOTED_INCLUDE_IN_FRAMEWORK_HEADER = YES;
				CLANG_WARN_RANGE_LOOP_ANALYSIS = YES;
				CLANG_WARN_STRICT_PROTOTYPES = YES;
				CLANG_WARN_SUSPICIOUS_MOVE = YES;
				CLANG_WARN_UNGUARDED_AVAILABILITY = YES_AGGRESSIVE;
				CLANG_WARN_UNREACHABLE_CODE = YES;
				CLANG_WARN__DUPLICATE_METHOD_MATCH = YES;
				COPY_PHASE_STRIP = NO;
				DEBUG_INFORMATION_FORMAT = dwarf;
				ENABLE_STRICT_OBJC_MSGSEND = YES;
				ENABLE_TESTABILITY = YES;
				GCC_C_LANGUAGE_STANDARD = gnu11;
				GCC_DYNAMIC_NO_PIC = NO;
				GCC_NO_COMMON_BLOCKS = YES;
				GCC_OPTIMIZATION_LEVEL = 0;
				GCC_PREPROCESSOR_DEFINITIONS = (
					"DEBUG=1",
					"$(inherited)",
				);
				GCC_WARN_64_TO_32_BIT_CONVERSION = YES;
				GCC_WARN_ABOUT_RETURN_TYPE = YES_ERROR;
				GCC_WARN_UNDECLARED_SELECTOR = YES;
				GCC_WARN_UNINITIALIZED_AUTOS = YES_AGGRESSIVE;
				GCC_WARN_UNUSED_FUNCTION = YES;
				GCC_WARN_UNUSED_VARIABLE = YES;
				IPHONEOS_DEPLOYMENT_TARGET = 15.0;
				MTL_ENABLE_DEBUG_INFO = INCLUDE_SOURCE;
				MTL_FAST_MATH = YES;
				ONLY_ACTIVE_ARCH = YES;
				SDKROOT = iphoneos;
				SWIFT_ACTIVE_COMPILATION_CONDITIONS = DEBUG;
				SWIFT_OPTIMIZATION_LEVEL = "-Onone";
			};
			name = Debug;
		};
		A63B187127377E1B00F51311 /* Release */ = {
			isa = XCBuildConfiguration;
			buildSettings = {
				ALWAYS_SEARCH_USER_PATHS = NO;
				CLANG_ANALYZER_NONNULL = YES;
				CLANG_ANALYZER_NUMBER_OBJECT_CONVERSION = YES_AGGRESSIVE;
				CLANG_CXX_LANGUAGE_STANDARD = "gnu++17";
				CLANG_CXX_LIBRARY = "libc++";
				CLANG_ENABLE_MODULES = YES;
				CLANG_ENABLE_OBJC_ARC = YES;
				CLANG_ENABLE_OBJC_WEAK = YES;
				CLANG_WARN_BLOCK_CAPTURE_AUTORELEASING = YES;
				CLANG_WARN_BOOL_CONVERSION = YES;
				CLANG_WARN_COMMA = YES;
				CLANG_WARN_CONSTANT_CONVERSION = YES;
				CLANG_WARN_DEPRECATED_OBJC_IMPLEMENTATIONS = YES;
				CLANG_WARN_DIRECT_OBJC_ISA_USAGE = YES_ERROR;
				CLANG_WARN_DOCUMENTATION_COMMENTS = YES;
				CLANG_WARN_EMPTY_BODY = YES;
				CLANG_WARN_ENUM_CONVERSION = YES;
				CLANG_WARN_INFINITE_RECURSION = YES;
				CLANG_WARN_INT_CONVERSION = YES;
				CLANG_WARN_NON_LITERAL_NULL_CONVERSION = YES;
				CLANG_WARN_OBJC_IMPLICIT_RETAIN_SELF = YES;
				CLANG_WARN_OBJC_LITERAL_CONVERSION = YES;
				CLANG_WARN_OBJC_ROOT_CLASS = YES_ERROR;
				CLANG_WARN_QUOTED_INCLUDE_IN_FRAMEWORK_HEADER = YES;
				CLANG_WARN_RANGE_LOOP_ANALYSIS = YES;
				CLANG_WARN_STRICT_PROTOTYPES = YES;
				CLANG_WARN_SUSPICIOUS_MOVE = YES;
				CLANG_WARN_UNGUARDED_AVAILABILITY = YES_AGGRESSIVE;
				CLANG_WARN_UNREACHABLE_CODE = YES;
				CLANG_WARN__DUPLICATE_METHOD_MATCH = YES;
				COPY_PHASE_STRIP = NO;
				DEBUG_INFORMATION_FORMAT = "dwarf-with-dsym";
				ENABLE_NS_ASSERTIONS = NO;
				ENABLE_STRICT_OBJC_MSGSEND = YES;
				GCC_C_LANGUAGE_STANDARD = gnu11;
				GCC_NO_COMMON_BLOCKS = YES;
				GCC_WARN_64_TO_32_BIT_CONVERSION = YES;
				GCC_WARN_ABOUT_RETURN_TYPE = YES_ERROR;
				GCC_WARN_UNDECLARED_SELECTOR = YES;
				GCC_WARN_UNINITIALIZED_AUTOS = YES_AGGRESSIVE;
				GCC_WARN_UNUSED_FUNCTION = YES;
				GCC_WARN_UNUSED_VARIABLE = YES;
				IPHONEOS_DEPLOYMENT_TARGET = 15.0;
				MTL_ENABLE_DEBUG_INFO = NO;
				MTL_FAST_MATH = YES;
				SDKROOT = iphoneos;
				SWIFT_COMPILATION_MODE = wholemodule;
				SWIFT_OPTIMIZATION_LEVEL = "-O";
				VALIDATE_PRODUCT = YES;
			};
			name = Release;
		};
		A63B187327377E1B00F51311 /* Debug */ = {
			isa = XCBuildConfiguration;
			buildSettings = {
				ASSETCATALOG_COMPILER_APPICON_NAME = AppIcon;
				ASSETCATALOG_COMPILER_GLOBAL_ACCENT_COLOR_NAME = AccentColor;
				CODE_SIGN_STYLE = Automatic;
				CURRENT_PROJECT_VERSION = 1;
				GENERATE_INFOPLIST_FILE = YES;
				INFOPLIST_FILE = Findmovie/Info.plist;
				INFOPLIST_KEY_UIApplicationSupportsIndirectInputEvents = YES;
				INFOPLIST_KEY_UILaunchStoryboardName = LaunchScreen;
				INFOPLIST_KEY_UIMainStoryboardFile = Main;
				INFOPLIST_KEY_UISupportedInterfaceOrientations_iPad = "UIInterfaceOrientationPortrait UIInterfaceOrientationPortraitUpsideDown UIInterfaceOrientationLandscapeLeft UIInterfaceOrientationLandscapeRight";
				INFOPLIST_KEY_UISupportedInterfaceOrientations_iPhone = "UIInterfaceOrientationPortrait UIInterfaceOrientationLandscapeLeft UIInterfaceOrientationLandscapeRight";
				LD_RUNPATH_SEARCH_PATHS = (
					"$(inherited)",
					"@executable_path/Frameworks",
				);
				MARKETING_VERSION = 1.0;
				PRODUCT_BUNDLE_IDENTIFIER = com.kaungthukhantmmaniad.Findmovie;
				PRODUCT_NAME = "$(TARGET_NAME)";
				SWIFT_EMIT_LOC_STRINGS = YES;
				SWIFT_VERSION = 5.0;
				TARGETED_DEVICE_FAMILY = "1,2";
			};
			name = Debug;
		};
		A63B187427377E1B00F51311 /* Release */ = {
			isa = XCBuildConfiguration;
			buildSettings = {
				ASSETCATALOG_COMPILER_APPICON_NAME = AppIcon;
				ASSETCATALOG_COMPILER_GLOBAL_ACCENT_COLOR_NAME = AccentColor;
				CODE_SIGN_STYLE = Automatic;
				CURRENT_PROJECT_VERSION = 1;
				GENERATE_INFOPLIST_FILE = YES;
				INFOPLIST_FILE = Findmovie/Info.plist;
				INFOPLIST_KEY_UIApplicationSupportsIndirectInputEvents = YES;
				INFOPLIST_KEY_UILaunchStoryboardName = LaunchScreen;
				INFOPLIST_KEY_UIMainStoryboardFile = Main;
				INFOPLIST_KEY_UISupportedInterfaceOrientations_iPad = "UIInterfaceOrientationPortrait UIInterfaceOrientationPortraitUpsideDown UIInterfaceOrientationLandscapeLeft UIInterfaceOrientationLandscapeRight";
				INFOPLIST_KEY_UISupportedInterfaceOrientations_iPhone = "UIInterfaceOrientationPortrait UIInterfaceOrientationLandscapeLeft UIInterfaceOrientationLandscapeRight";
				LD_RUNPATH_SEARCH_PATHS = (
					"$(inherited)",
					"@executable_path/Frameworks",
				);
				MARKETING_VERSION = 1.0;
				PRODUCT_BUNDLE_IDENTIFIER = com.kaungthukhantmmaniad.Findmovie;
				PRODUCT_NAME = "$(TARGET_NAME)";
				SWIFT_EMIT_LOC_STRINGS = YES;
				SWIFT_VERSION = 5.0;
				TARGETED_DEVICE_FAMILY = "1,2";
			};
			name = Release;
		};
		A63B187627377E1B00F51311 /* Debug */ = {
			isa = XCBuildConfiguration;
			buildSettings = {
				ALWAYS_EMBED_SWIFT_STANDARD_LIBRARIES = YES;
				BUNDLE_LOADER = "$(TEST_HOST)";
				CODE_SIGN_STYLE = Automatic;
				CURRENT_PROJECT_VERSION = 1;
				GENERATE_INFOPLIST_FILE = YES;
				IPHONEOS_DEPLOYMENT_TARGET = 15.0;
				LD_RUNPATH_SEARCH_PATHS = (
					"$(inherited)",
					"@executable_path/Frameworks",
					"@loader_path/Frameworks",
				);
				MARKETING_VERSION = 1.0;
				PRODUCT_BUNDLE_IDENTIFIER = "com.kaungthukhantmmaniad.TabBar2-0Tests";
				PRODUCT_NAME = "$(TARGET_NAME)";
				SWIFT_EMIT_LOC_STRINGS = NO;
				SWIFT_VERSION = 5.0;
				TARGETED_DEVICE_FAMILY = "1,2";
				TEST_HOST = "$(BUILT_PRODUCTS_DIR)/Findmovie.app/Findmovie";
			};
			name = Debug;
		};
		A63B187727377E1B00F51311 /* Release */ = {
			isa = XCBuildConfiguration;
			buildSettings = {
				ALWAYS_EMBED_SWIFT_STANDARD_LIBRARIES = YES;
				BUNDLE_LOADER = "$(TEST_HOST)";
				CODE_SIGN_STYLE = Automatic;
				CURRENT_PROJECT_VERSION = 1;
				GENERATE_INFOPLIST_FILE = YES;
				IPHONEOS_DEPLOYMENT_TARGET = 15.0;
				LD_RUNPATH_SEARCH_PATHS = (
					"$(inherited)",
					"@executable_path/Frameworks",
					"@loader_path/Frameworks",
				);
				MARKETING_VERSION = 1.0;
				PRODUCT_BUNDLE_IDENTIFIER = "com.kaungthukhantmmaniad.TabBar2-0Tests";
				PRODUCT_NAME = "$(TARGET_NAME)";
				SWIFT_EMIT_LOC_STRINGS = NO;
				SWIFT_VERSION = 5.0;
				TARGETED_DEVICE_FAMILY = "1,2";
				TEST_HOST = "$(BUILT_PRODUCTS_DIR)/Findmovie.app/Findmovie";
			};
			name = Release;
		};
		A63B187927377E1B00F51311 /* Debug */ = {
			isa = XCBuildConfiguration;
			buildSettings = {
				ALWAYS_EMBED_SWIFT_STANDARD_LIBRARIES = YES;
				CODE_SIGN_STYLE = Automatic;
				CURRENT_PROJECT_VERSION = 1;
				GENERATE_INFOPLIST_FILE = YES;
				LD_RUNPATH_SEARCH_PATHS = (
					"$(inherited)",
					"@executable_path/Frameworks",
					"@loader_path/Frameworks",
				);
				MARKETING_VERSION = 1.0;
				PRODUCT_BUNDLE_IDENTIFIER = "com.kaungthukhantmmaniad.TabBar2-0UITests";
				PRODUCT_NAME = "$(TARGET_NAME)";
				SWIFT_EMIT_LOC_STRINGS = NO;
				SWIFT_VERSION = 5.0;
				TARGETED_DEVICE_FAMILY = "1,2";
				TEST_TARGET_NAME = TabBar2.0;
			};
			name = Debug;
		};
		A63B187A27377E1B00F51311 /* Release */ = {
			isa = XCBuildConfiguration;
			buildSettings = {
				ALWAYS_EMBED_SWIFT_STANDARD_LIBRARIES = YES;
				CODE_SIGN_STYLE = Automatic;
				CURRENT_PROJECT_VERSION = 1;
				GENERATE_INFOPLIST_FILE = YES;
				LD_RUNPATH_SEARCH_PATHS = (
					"$(inherited)",
					"@executable_path/Frameworks",
					"@loader_path/Frameworks",
				);
				MARKETING_VERSION = 1.0;
				PRODUCT_BUNDLE_IDENTIFIER = "com.kaungthukhantmmaniad.TabBar2-0UITests";
				PRODUCT_NAME = "$(TARGET_NAME)";
				SWIFT_EMIT_LOC_STRINGS = NO;
				SWIFT_VERSION = 5.0;
				TARGETED_DEVICE_FAMILY = "1,2";
				TEST_TARGET_NAME = TabBar2.0;
			};
			name = Release;
		};
/* End XCBuildConfiguration section */

/* Begin XCConfigurationList section */
		A63B184327377E1500F51311 /* Build configuration list for PBXProject "Findmovie" */ = {
			isa = XCConfigurationList;
			buildConfigurations = (
				A63B187027377E1B00F51311 /* Debug */,
				A63B187127377E1B00F51311 /* Release */,
			);
			defaultConfigurationIsVisible = 0;
			defaultConfigurationName = Release;
		};
		A63B187227377E1B00F51311 /* Build configuration list for PBXNativeTarget "Findmovie" */ = {
			isa = XCConfigurationList;
			buildConfigurations = (
				A63B187327377E1B00F51311 /* Debug */,
				A63B187427377E1B00F51311 /* Release */,
			);
			defaultConfigurationIsVisible = 0;
			defaultConfigurationName = Release;
		};
		A63B187527377E1B00F51311 /* Build configuration list for PBXNativeTarget "FindmovieTests" */ = {
			isa = XCConfigurationList;
			buildConfigurations = (
				A63B187627377E1B00F51311 /* Debug */,
				A63B187727377E1B00F51311 /* Release */,
			);
			defaultConfigurationIsVisible = 0;
			defaultConfigurationName = Release;
		};
		A63B187827377E1B00F51311 /* Build configuration list for PBXNativeTarget "FindmovieUITests" */ = {
			isa = XCConfigurationList;
			buildConfigurations = (
				A63B187927377E1B00F51311 /* Debug */,
				A63B187A27377E1B00F51311 /* Release */,
			);
			defaultConfigurationIsVisible = 0;
			defaultConfigurationName = Release;
		};
/* End XCConfigurationList section */
	};
	rootObject = A63B184027377E1500F51311 /* Project object */;
}
